// !$*UTF8*$!
{
	archiveVersion = 1;
	classes = {
	};
	objectVersion = 46;
	objects = {

/* Begin PBXBuildFile section */
		288137041B2C4CF600870331 /* map_pin.png in Resources */ = {isa = PBXBuildFile; fileRef = 288137021B2C4CF600870331 /* map_pin.png */; };
		288137051B2C4CF600870331 /* map_pin@2x.png in Resources */ = {isa = PBXBuildFile; fileRef = 288137031B2C4CF600870331 /* map_pin@2x.png */; };
		288137111B2C571500870331 /* BarterflyAppIcon29.png in Resources */ = {isa = PBXBuildFile; fileRef = 288137071B2C571500870331 /* BarterflyAppIcon29.png */; };
		288137121B2C571500870331 /* BarterflyAppIcon29@2x.png in Resources */ = {isa = PBXBuildFile; fileRef = 288137081B2C571500870331 /* BarterflyAppIcon29@2x.png */; };
		288137131B2C571500870331 /* BarterflyAppIcon29@3x.png in Resources */ = {isa = PBXBuildFile; fileRef = 288137091B2C571500870331 /* BarterflyAppIcon29@3x.png */; };
		288137141B2C571500870331 /* BarterflyAppIcon40.png in Resources */ = {isa = PBXBuildFile; fileRef = 2881370A1B2C571500870331 /* BarterflyAppIcon40.png */; };
		288137151B2C571500870331 /* BarterflyAppIcon40@2x.png in Resources */ = {isa = PBXBuildFile; fileRef = 2881370B1B2C571500870331 /* BarterflyAppIcon40@2x.png */; };
		288137161B2C571500870331 /* BarterflyAppIcon40@3x.png in Resources */ = {isa = PBXBuildFile; fileRef = 2881370C1B2C571500870331 /* BarterflyAppIcon40@3x.png */; };
		288137171B2C571500870331 /* BarterflyAppIcon60.png in Resources */ = {isa = PBXBuildFile; fileRef = 2881370D1B2C571500870331 /* BarterflyAppIcon60.png */; };
		288137181B2C571500870331 /* BarterflyAppIcon60@3x.png in Resources */ = {isa = PBXBuildFile; fileRef = 2881370E1B2C571500870331 /* BarterflyAppIcon60@3x.png */; };
		288137191B2C571500870331 /* BarterflyAppIcon76.png in Resources */ = {isa = PBXBuildFile; fileRef = 2881370F1B2C571500870331 /* BarterflyAppIcon76.png */; };
		2881371A1B2C571500870331 /* BarterflyAppIcon76@2x.png in Resources */ = {isa = PBXBuildFile; fileRef = 288137101B2C571500870331 /* BarterflyAppIcon76@2x.png */; };
		2881371F1B2C675B00870331 /* ListingTabIcon.png in Resources */ = {isa = PBXBuildFile; fileRef = 2881371C1B2C675B00870331 /* ListingTabIcon.png */; };
		288137201B2C675B00870331 /* ListingTabIcon@2x.png in Resources */ = {isa = PBXBuildFile; fileRef = 2881371D1B2C675B00870331 /* ListingTabIcon@2x.png */; };
		288137211B2C675B00870331 /* ListingTabIcon@3x.png in Resources */ = {isa = PBXBuildFile; fileRef = 2881371E1B2C675B00870331 /* ListingTabIcon@3x.png */; };
		288137241B2C6F2300870331 /* LoadingScreen.m in Sources */ = {isa = PBXBuildFile; fileRef = 288137231B2C6F2300870331 /* LoadingScreen.m */; };
		288137271B2C9BE100870331 /* EmptyViewWithPullDownGesture.m in Sources */ = {isa = PBXBuildFile; fileRef = 288137261B2C9BE100870331 /* EmptyViewWithPullDownGesture.m */; };
		2881372E1B2CCCE700870331 /* Nearby.png in Resources */ = {isa = PBXBuildFile; fileRef = 288137281B2CCCE700870331 /* Nearby.png */; };
		2881372F1B2CCCE700870331 /* Nearby@2x.png in Resources */ = {isa = PBXBuildFile; fileRef = 288137291B2CCCE700870331 /* Nearby@2x.png */; };
		288137301B2CCCE700870331 /* Nearby@3x.png in Resources */ = {isa = PBXBuildFile; fileRef = 2881372A1B2CCCE700870331 /* Nearby@3x.png */; };
		288137311B2CCCE700870331 /* Profile.png in Resources */ = {isa = PBXBuildFile; fileRef = 2881372B1B2CCCE700870331 /* Profile.png */; };
		288137321B2CCCE700870331 /* Profile@2x.png in Resources */ = {isa = PBXBuildFile; fileRef = 2881372C1B2CCCE700870331 /* Profile@2x.png */; };
		288137331B2CCCE700870331 /* Profile@3x.png in Resources */ = {isa = PBXBuildFile; fileRef = 2881372D1B2CCCE700870331 /* Profile@3x.png */; };
		288137361B2CD2FA00870331 /* big_map_pin.png in Resources */ = {isa = PBXBuildFile; fileRef = 288137341B2CD2FA00870331 /* big_map_pin.png */; };
		288137371B2CD2FA00870331 /* big_map_pin@2x.png in Resources */ = {isa = PBXBuildFile; fileRef = 288137351B2CD2FA00870331 /* big_map_pin@2x.png */; };
		2881373B1B2CDDBD00870331 /* dashboardTabBarViewController.m in Sources */ = {isa = PBXBuildFile; fileRef = 2881373A1B2CDDBD00870331 /* dashboardTabBarViewController.m */; };
		28E1A74A1B2BCB9F00805AD8 /* main.m in Sources */ = {isa = PBXBuildFile; fileRef = 28E1A7491B2BCB9F00805AD8 /* main.m */; };
		28E1A74D1B2BCB9F00805AD8 /* AppDelegate.m in Sources */ = {isa = PBXBuildFile; fileRef = 28E1A74C1B2BCB9F00805AD8 /* AppDelegate.m */; };
		28E1A7501B2BCB9F00805AD8 /* ViewController.m in Sources */ = {isa = PBXBuildFile; fileRef = 28E1A74F1B2BCB9F00805AD8 /* ViewController.m */; };
		28E1A7531B2BCB9F00805AD8 /* Main.storyboard in Resources */ = {isa = PBXBuildFile; fileRef = 28E1A7511B2BCB9F00805AD8 /* Main.storyboard */; };
		28E1A7551B2BCB9F00805AD8 /* Images.xcassets in Resources */ = {isa = PBXBuildFile; fileRef = 28E1A7541B2BCB9F00805AD8 /* Images.xcassets */; };
		28E1A7581B2BCB9F00805AD8 /* LaunchScreen.xib in Resources */ = {isa = PBXBuildFile; fileRef = 28E1A7561B2BCB9F00805AD8 /* LaunchScreen.xib */; };
		28E1A7641B2BCB9F00805AD8 /* BarterflyTests.m in Sources */ = {isa = PBXBuildFile; fileRef = 28E1A7631B2BCB9F00805AD8 /* BarterflyTests.m */; };
		28E1A7B51B2BF72700805AD8 /* WindowsAzureMobileServices.framework in Frameworks */ = {isa = PBXBuildFile; fileRef = 28E1A7B41B2BF72700805AD8 /* WindowsAzureMobileServices.framework */; };
		28E1A7BA1B2BF72F00805AD8 /* SSKeychain.m in Sources */ = {isa = PBXBuildFile; fileRef = 28E1A7B71B2BF72F00805AD8 /* SSKeychain.m */; };
		28E1A7BB1B2BF72F00805AD8 /* SSKeychainQuery.m in Sources */ = {isa = PBXBuildFile; fileRef = 28E1A7B91B2BF72F00805AD8 /* SSKeychainQuery.m */; };
		28E1A7BD1B2BF74000805AD8 /* facebookLogin.png in Resources */ = {isa = PBXBuildFile; fileRef = 28E1A7BC1B2BF74000805AD8 /* facebookLogin.png */; };
		28E1A7C31B2BF75000805AD8 /* barterCyan.png in Resources */ = {isa = PBXBuildFile; fileRef = 28E1A7BF1B2BF75000805AD8 /* barterCyan.png */; };
		28E1A7C41B2BF75000805AD8 /* barterCyan@2x.png in Resources */ = {isa = PBXBuildFile; fileRef = 28E1A7C01B2BF75000805AD8 /* barterCyan@2x.png */; };
		28E1A7C51B2BF75000805AD8 /* barterCyan@3x.png in Resources */ = {isa = PBXBuildFile; fileRef = 28E1A7C11B2BF75000805AD8 /* barterCyan@3x.png */; };
		28E1A7C61B2BF75000805AD8 /* barterWide.png in Resources */ = {isa = PBXBuildFile; fileRef = 28E1A7C21B2BF75000805AD8 /* barterWide.png */; };
		28E1A7CC1B2BF76800805AD8 /* AICommonUtils.m in Sources */ = {isa = PBXBuildFile; fileRef = 28E1A7C81B2BF76800805AD8 /* AICommonUtils.m */; };
		28E1A7CD1B2BF76800805AD8 /* GBConnectionManager.m in Sources */ = {isa = PBXBuildFile; fileRef = 28E1A7CB1B2BF76800805AD8 /* GBConnectionManager.m */; };
		28E1A7D01B2BF7AA00805AD8 /* azureMobileService.m in Sources */ = {isa = PBXBuildFile; fileRef = 28E1A7CF1B2BF7AA00805AD8 /* azureMobileService.m */; };
		28E1A7D31B2BF7DF00805AD8 /* azureAuthentication.m in Sources */ = {isa = PBXBuildFile; fileRef = 28E1A7D21B2BF7DF00805AD8 /* azureAuthentication.m */; };
		28E1A7DB1B2BF8AE00805AD8 /* LoginViewController.m in Sources */ = {isa = PBXBuildFile; fileRef = 28E1A7DA1B2BF8AE00805AD8 /* LoginViewController.m */; };
		28E1A7DE1B2BF8ED00805AD8 /* FeaturedViewController.m in Sources */ = {isa = PBXBuildFile; fileRef = 28E1A7DD1B2BF8ED00805AD8 /* FeaturedViewController.m */; };
		28E1A7E11B2BF93100805AD8 /* ProfileViewController.m in Sources */ = {isa = PBXBuildFile; fileRef = 28E1A7E01B2BF93100805AD8 /* ProfileViewController.m */; };
		28E1A7E41B2BF96500805AD8 /* RequestTradeViewController.m in Sources */ = {isa = PBXBuildFile; fileRef = 28E1A7E31B2BF96500805AD8 /* RequestTradeViewController.m */; };
		28E1A7E71B2BF99500805AD8 /* ListingViewController.m in Sources */ = {isa = PBXBuildFile; fileRef = 28E1A7E61B2BF99500805AD8 /* ListingViewController.m */; };
		28E1A7EA1B2BFA7E00805AD8 /* CategoryListingViewController.m in Sources */ = {isa = PBXBuildFile; fileRef = 28E1A7E91B2BFA7E00805AD8 /* CategoryListingViewController.m */; };
		28E1A7ED1B2C0CE000805AD8 /* dividing_line_horizontal_dark.png in Resources */ = {isa = PBXBuildFile; fileRef = 28E1A7EB1B2C0CE000805AD8 /* dividing_line_horizontal_dark.png */; };
		28E1A7EE1B2C0CE000805AD8 /* dividing_line_horizontal_dark@2x.png in Resources */ = {isa = PBXBuildFile; fileRef = 28E1A7EC1B2C0CE000805AD8 /* dividing_line_horizontal_dark@2x.png */; };
		28E1A7F11B2C0FB200805AD8 /* ItemDetailViewController.m in Sources */ = {isa = PBXBuildFile; fileRef = 28E1A7F01B2C0FB200805AD8 /* ItemDetailViewController.m */; };
		28E1A7F41B2C12E800805AD8 /* anonymous_dark.png in Resources */ = {isa = PBXBuildFile; fileRef = 28E1A7F21B2C12E800805AD8 /* anonymous_dark.png */; };
		28E1A7F51B2C12E800805AD8 /* anonymous_dark@2x.png in Resources */ = {isa = PBXBuildFile; fileRef = 28E1A7F31B2C12E800805AD8 /* anonymous_dark@2x.png */; };
		28E1A7F91B2C275E00805AD8 /* NearbyMeViewController.m in Sources */ = {isa = PBXBuildFile; fileRef = 28E1A7F81B2C275E00805AD8 /* NearbyMeViewController.m */; };
		28E1A7FB1B2C27FC00805AD8 /* MapKit.framework in Frameworks */ = {isa = PBXBuildFile; fileRef = 28E1A7FA1B2C27FC00805AD8 /* MapKit.framework */; };
		28E1A7FD1B2C29F300805AD8 /* CoreLocation.framework in Frameworks */ = {isa = PBXBuildFile; fileRef = 28E1A7FC1B2C29F300805AD8 /* CoreLocation.framework */; };
/* End PBXBuildFile section */

/* Begin PBXContainerItemProxy section */
		28E1A75E1B2BCB9F00805AD8 /* PBXContainerItemProxy */ = {
			isa = PBXContainerItemProxy;
			containerPortal = 28E1A73C1B2BCB9F00805AD8 /* Project object */;
			proxyType = 1;
			remoteGlobalIDString = 28E1A7431B2BCB9F00805AD8;
			remoteInfo = Barterfly;
		};
/* End PBXContainerItemProxy section */

/* Begin PBXFileReference section */
		288137021B2C4CF600870331 /* map_pin.png */ = {isa = PBXFileReference; lastKnownFileType = image.png; name = map_pin.png; path = Images/ExampleIcons/map_pin.png; sourceTree = "<group>"; };
		288137031B2C4CF600870331 /* map_pin@2x.png */ = {isa = PBXFileReference; lastKnownFileType = image.png; name = "map_pin@2x.png"; path = "Images/ExampleIcons/map_pin@2x.png"; sourceTree = "<group>"; };
		288137071B2C571500870331 /* BarterflyAppIcon29.png */ = {isa = PBXFileReference; lastKnownFileType = image.png; name = BarterflyAppIcon29.png; path = Images/appIcon/BarterflyAppIcon29.png; sourceTree = "<group>"; };
		288137081B2C571500870331 /* BarterflyAppIcon29@2x.png */ = {isa = PBXFileReference; lastKnownFileType = image.png; name = "BarterflyAppIcon29@2x.png"; path = "Images/appIcon/BarterflyAppIcon29@2x.png"; sourceTree = "<group>"; };
		288137091B2C571500870331 /* BarterflyAppIcon29@3x.png */ = {isa = PBXFileReference; lastKnownFileType = image.png; name = "BarterflyAppIcon29@3x.png"; path = "Images/appIcon/BarterflyAppIcon29@3x.png"; sourceTree = "<group>"; };
		2881370A1B2C571500870331 /* BarterflyAppIcon40.png */ = {isa = PBXFileReference; lastKnownFileType = image.png; name = BarterflyAppIcon40.png; path = Images/appIcon/BarterflyAppIcon40.png; sourceTree = "<group>"; };
		2881370B1B2C571500870331 /* BarterflyAppIcon40@2x.png */ = {isa = PBXFileReference; lastKnownFileType = image.png; name = "BarterflyAppIcon40@2x.png"; path = "Images/appIcon/BarterflyAppIcon40@2x.png"; sourceTree = "<group>"; };
		2881370C1B2C571500870331 /* BarterflyAppIcon40@3x.png */ = {isa = PBXFileReference; lastKnownFileType = image.png; name = "BarterflyAppIcon40@3x.png"; path = "Images/appIcon/BarterflyAppIcon40@3x.png"; sourceTree = "<group>"; };
		2881370D1B2C571500870331 /* BarterflyAppIcon60.png */ = {isa = PBXFileReference; lastKnownFileType = image.png; name = BarterflyAppIcon60.png; path = Images/appIcon/BarterflyAppIcon60.png; sourceTree = "<group>"; };
		2881370E1B2C571500870331 /* BarterflyAppIcon60@3x.png */ = {isa = PBXFileReference; lastKnownFileType = image.png; name = "BarterflyAppIcon60@3x.png"; path = "Images/appIcon/BarterflyAppIcon60@3x.png"; sourceTree = "<group>"; };
		2881370F1B2C571500870331 /* BarterflyAppIcon76.png */ = {isa = PBXFileReference; lastKnownFileType = image.png; name = BarterflyAppIcon76.png; path = Images/appIcon/BarterflyAppIcon76.png; sourceTree = "<group>"; };
		288137101B2C571500870331 /* BarterflyAppIcon76@2x.png */ = {isa = PBXFileReference; lastKnownFileType = image.png; name = "BarterflyAppIcon76@2x.png"; path = "Images/appIcon/BarterflyAppIcon76@2x.png"; sourceTree = "<group>"; };
		2881371C1B2C675B00870331 /* ListingTabIcon.png */ = {isa = PBXFileReference; lastKnownFileType = image.png; name = ListingTabIcon.png; path = Images/tabBarIcon/ListingTabIcon.png; sourceTree = "<group>"; };
		2881371D1B2C675B00870331 /* ListingTabIcon@2x.png */ = {isa = PBXFileReference; lastKnownFileType = image.png; name = "ListingTabIcon@2x.png"; path = "Images/tabBarIcon/ListingTabIcon@2x.png"; sourceTree = "<group>"; };
		2881371E1B2C675B00870331 /* ListingTabIcon@3x.png */ = {isa = PBXFileReference; lastKnownFileType = image.png; name = "ListingTabIcon@3x.png"; path = "Images/tabBarIcon/ListingTabIcon@3x.png"; sourceTree = "<group>"; };
		288137221B2C6F2300870331 /* LoadingScreen.h */ = {isa = PBXFileReference; fileEncoding = 4; lastKnownFileType = sourcecode.c.h; name = LoadingScreen.h; path = Classes/Common/Utils/LoadingScreen.h; sourceTree = "<group>"; };
		288137231B2C6F2300870331 /* LoadingScreen.m */ = {isa = PBXFileReference; fileEncoding = 4; lastKnownFileType = sourcecode.c.objc; name = LoadingScreen.m; path = Classes/Common/Utils/LoadingScreen.m; sourceTree = "<group>"; };
		288137251B2C9BE100870331 /* EmptyViewWithPullDownGesture.h */ = {isa = PBXFileReference; fileEncoding = 4; lastKnownFileType = sourcecode.c.h; name = EmptyViewWithPullDownGesture.h; path = Classes/Common/Utils/EmptyViewWithPullDownGesture.h; sourceTree = "<group>"; };
		288137261B2C9BE100870331 /* EmptyViewWithPullDownGesture.m */ = {isa = PBXFileReference; fileEncoding = 4; lastKnownFileType = sourcecode.c.objc; name = EmptyViewWithPullDownGesture.m; path = Classes/Common/Utils/EmptyViewWithPullDownGesture.m; sourceTree = "<group>"; };
		288137281B2CCCE700870331 /* Nearby.png */ = {isa = PBXFileReference; lastKnownFileType = image.png; name = Nearby.png; path = Images/tabBarIcon/Nearby.png; sourceTree = "<group>"; };
		288137291B2CCCE700870331 /* Nearby@2x.png */ = {isa = PBXFileReference; lastKnownFileType = image.png; name = "Nearby@2x.png"; path = "Images/tabBarIcon/Nearby@2x.png"; sourceTree = "<group>"; };
		2881372A1B2CCCE700870331 /* Nearby@3x.png */ = {isa = PBXFileReference; lastKnownFileType = image.png; name = "Nearby@3x.png"; path = "Images/tabBarIcon/Nearby@3x.png"; sourceTree = "<group>"; };
		2881372B1B2CCCE700870331 /* Profile.png */ = {isa = PBXFileReference; lastKnownFileType = image.png; name = Profile.png; path = Images/tabBarIcon/Profile.png; sourceTree = "<group>"; };
		2881372C1B2CCCE700870331 /* Profile@2x.png */ = {isa = PBXFileReference; lastKnownFileType = image.png; name = "Profile@2x.png"; path = "Images/tabBarIcon/Profile@2x.png"; sourceTree = "<group>"; };
		2881372D1B2CCCE700870331 /* Profile@3x.png */ = {isa = PBXFileReference; lastKnownFileType = image.png; name = "Profile@3x.png"; path = "Images/tabBarIcon/Profile@3x.png"; sourceTree = "<group>"; };
		288137341B2CD2FA00870331 /* big_map_pin.png */ = {isa = PBXFileReference; lastKnownFileType = image.png; name = big_map_pin.png; path = Images/ExampleIcons/big_map_pin.png; sourceTree = "<group>"; };
		288137351B2CD2FA00870331 /* big_map_pin@2x.png */ = {isa = PBXFileReference; lastKnownFileType = image.png; name = "big_map_pin@2x.png"; path = "Images/ExampleIcons/big_map_pin@2x.png"; sourceTree = "<group>"; };
		288137391B2CDDBD00870331 /* dashboardTabBarViewController.h */ = {isa = PBXFileReference; fileEncoding = 4; lastKnownFileType = sourcecode.c.h; name = dashboardTabBarViewController.h; path = Classes/ViewControllers/TabBarController/dashboardTabBarViewController.h; sourceTree = "<group>"; };
		2881373A1B2CDDBD00870331 /* dashboardTabBarViewController.m */ = {isa = PBXFileReference; fileEncoding = 4; lastKnownFileType = sourcecode.c.objc; name = dashboardTabBarViewController.m; path = Classes/ViewControllers/TabBarController/dashboardTabBarViewController.m; sourceTree = "<group>"; };
		28E1A7441B2BCB9F00805AD8 /* Barterfly.app */ = {isa = PBXFileReference; explicitFileType = wrapper.application; includeInIndex = 0; path = Barterfly.app; sourceTree = BUILT_PRODUCTS_DIR; };
		28E1A7481B2BCB9F00805AD8 /* Info.plist */ = {isa = PBXFileReference; lastKnownFileType = text.plist.xml; path = Info.plist; sourceTree = "<group>"; };
		28E1A7491B2BCB9F00805AD8 /* main.m */ = {isa = PBXFileReference; lastKnownFileType = sourcecode.c.objc; path = main.m; sourceTree = "<group>"; };
		28E1A74B1B2BCB9F00805AD8 /* AppDelegate.h */ = {isa = PBXFileReference; lastKnownFileType = sourcecode.c.h; path = AppDelegate.h; sourceTree = "<group>"; };
		28E1A74C1B2BCB9F00805AD8 /* AppDelegate.m */ = {isa = PBXFileReference; lastKnownFileType = sourcecode.c.objc; path = AppDelegate.m; sourceTree = "<group>"; };
		28E1A74E1B2BCB9F00805AD8 /* ViewController.h */ = {isa = PBXFileReference; lastKnownFileType = sourcecode.c.h; path = ViewController.h; sourceTree = "<group>"; };
		28E1A74F1B2BCB9F00805AD8 /* ViewController.m */ = {isa = PBXFileReference; lastKnownFileType = sourcecode.c.objc; path = ViewController.m; sourceTree = "<group>"; };
		28E1A7521B2BCB9F00805AD8 /* Base */ = {isa = PBXFileReference; lastKnownFileType = file.storyboard; name = Base; path = Base.lproj/Main.storyboard; sourceTree = "<group>"; };
		28E1A7541B2BCB9F00805AD8 /* Images.xcassets */ = {isa = PBXFileReference; lastKnownFileType = folder.assetcatalog; path = Images.xcassets; sourceTree = "<group>"; };
		28E1A7571B2BCB9F00805AD8 /* Base */ = {isa = PBXFileReference; lastKnownFileType = file.xib; name = Base; path = Base.lproj/LaunchScreen.xib; sourceTree = "<group>"; };
		28E1A75D1B2BCB9F00805AD8 /* BarterflyTests.xctest */ = {isa = PBXFileReference; explicitFileType = wrapper.cfbundle; includeInIndex = 0; path = BarterflyTests.xctest; sourceTree = BUILT_PRODUCTS_DIR; };
		28E1A7621B2BCB9F00805AD8 /* Info.plist */ = {isa = PBXFileReference; lastKnownFileType = text.plist.xml; path = Info.plist; sourceTree = "<group>"; };
		28E1A7631B2BCB9F00805AD8 /* BarterflyTests.m */ = {isa = PBXFileReference; lastKnownFileType = sourcecode.c.objc; path = BarterflyTests.m; sourceTree = "<group>"; };
		28E1A7B41B2BF72700805AD8 /* WindowsAzureMobileServices.framework */ = {isa = PBXFileReference; lastKnownFileType = wrapper.framework; name = WindowsAzureMobileServices.framework; path = ExternalFramework/WindowsAzureMobileServices.framework; sourceTree = "<group>"; };
		28E1A7B61B2BF72F00805AD8 /* SSKeychain.h */ = {isa = PBXFileReference; fileEncoding = 4; lastKnownFileType = sourcecode.c.h; name = SSKeychain.h; path = ExternalFramework/SSKeychain/SSKeychain.h; sourceTree = "<group>"; };
		28E1A7B71B2BF72F00805AD8 /* SSKeychain.m */ = {isa = PBXFileReference; fileEncoding = 4; lastKnownFileType = sourcecode.c.objc; name = SSKeychain.m; path = ExternalFramework/SSKeychain/SSKeychain.m; sourceTree = "<group>"; };
		28E1A7B81B2BF72F00805AD8 /* SSKeychainQuery.h */ = {isa = PBXFileReference; fileEncoding = 4; lastKnownFileType = sourcecode.c.h; name = SSKeychainQuery.h; path = ExternalFramework/SSKeychain/SSKeychainQuery.h; sourceTree = "<group>"; };
		28E1A7B91B2BF72F00805AD8 /* SSKeychainQuery.m */ = {isa = PBXFileReference; fileEncoding = 4; lastKnownFileType = sourcecode.c.objc; name = SSKeychainQuery.m; path = ExternalFramework/SSKeychain/SSKeychainQuery.m; sourceTree = "<group>"; };
		28E1A7BC1B2BF74000805AD8 /* facebookLogin.png */ = {isa = PBXFileReference; lastKnownFileType = image.png; name = facebookLogin.png; path = Images/facebookLogin.png; sourceTree = "<group>"; };
		28E1A7BF1B2BF75000805AD8 /* barterCyan.png */ = {isa = PBXFileReference; lastKnownFileType = image.png; name = barterCyan.png; path = Images/ExampleIcons/barterCyan.png; sourceTree = "<group>"; };
		28E1A7C01B2BF75000805AD8 /* barterCyan@2x.png */ = {isa = PBXFileReference; lastKnownFileType = image.png; name = "barterCyan@2x.png"; path = "Images/ExampleIcons/barterCyan@2x.png"; sourceTree = "<group>"; };
		28E1A7C11B2BF75000805AD8 /* barterCyan@3x.png */ = {isa = PBXFileReference; lastKnownFileType = image.png; name = "barterCyan@3x.png"; path = "Images/ExampleIcons/barterCyan@3x.png"; sourceTree = "<group>"; };
		28E1A7C21B2BF75000805AD8 /* barterWide.png */ = {isa = PBXFileReference; lastKnownFileType = image.png; name = barterWide.png; path = Images/ExampleIcons/barterWide.png; sourceTree = "<group>"; };
		28E1A7C71B2BF76800805AD8 /* AICommonUtils.h */ = {isa = PBXFileReference; fileEncoding = 4; lastKnownFileType = sourcecode.c.h; name = AICommonUtils.h; path = Classes/Common/Utils/AICommonUtils.h; sourceTree = "<group>"; };
		28E1A7C81B2BF76800805AD8 /* AICommonUtils.m */ = {isa = PBXFileReference; fileEncoding = 4; lastKnownFileType = sourcecode.c.objc; name = AICommonUtils.m; path = Classes/Common/Utils/AICommonUtils.m; sourceTree = "<group>"; };
		28E1A7C91B2BF76800805AD8 /* AIEnumCollection.h */ = {isa = PBXFileReference; fileEncoding = 4; lastKnownFileType = sourcecode.c.h; name = AIEnumCollection.h; path = Classes/Common/Utils/AIEnumCollection.h; sourceTree = "<group>"; };
		28E1A7CA1B2BF76800805AD8 /* GBConnectionManager.h */ = {isa = PBXFileReference; fileEncoding = 4; lastKnownFileType = sourcecode.c.h; name = GBConnectionManager.h; path = Classes/Common/Utils/GBConnectionManager.h; sourceTree = "<group>"; };
		28E1A7CB1B2BF76800805AD8 /* GBConnectionManager.m */ = {isa = PBXFileReference; fileEncoding = 4; lastKnownFileType = sourcecode.c.objc; name = GBConnectionManager.m; path = Classes/Common/Utils/GBConnectionManager.m; sourceTree = "<group>"; };
		28E1A7CE1B2BF7AA00805AD8 /* azureMobileService.h */ = {isa = PBXFileReference; fileEncoding = 4; lastKnownFileType = sourcecode.c.h; name = azureMobileService.h; path = Classes/Common/AzureMobileService/azureMobileService.h; sourceTree = "<group>"; };
		28E1A7CF1B2BF7AA00805AD8 /* azureMobileService.m */ = {isa = PBXFileReference; fileEncoding = 4; lastKnownFileType = sourcecode.c.objc; name = azureMobileService.m; path = Classes/Common/AzureMobileService/azureMobileService.m; sourceTree = "<group>"; };
		28E1A7D11B2BF7DF00805AD8 /* azureAuthentication.h */ = {isa = PBXFileReference; fileEncoding = 4; lastKnownFileType = sourcecode.c.h; name = azureAuthentication.h; path = Classes/Common/AzureMobileService/azureAuthentication.h; sourceTree = "<group>"; };
		28E1A7D21B2BF7DF00805AD8 /* azureAuthentication.m */ = {isa = PBXFileReference; fileEncoding = 4; lastKnownFileType = sourcecode.c.objc; name = azureAuthentication.m; path = Classes/Common/AzureMobileService/azureAuthentication.m; sourceTree = "<group>"; };
		28E1A7D91B2BF8AE00805AD8 /* LoginViewController.h */ = {isa = PBXFileReference; fileEncoding = 4; lastKnownFileType = sourcecode.c.h; name = LoginViewController.h; path = Classes/ViewControllers/Login/LoginViewController.h; sourceTree = "<group>"; };
		28E1A7DA1B2BF8AE00805AD8 /* LoginViewController.m */ = {isa = PBXFileReference; fileEncoding = 4; lastKnownFileType = sourcecode.c.objc; name = LoginViewController.m; path = Classes/ViewControllers/Login/LoginViewController.m; sourceTree = "<group>"; };
		28E1A7DC1B2BF8ED00805AD8 /* FeaturedViewController.h */ = {isa = PBXFileReference; fileEncoding = 4; lastKnownFileType = sourcecode.c.h; name = FeaturedViewController.h; path = Classes/ViewControllers/Featured/FeaturedViewController.h; sourceTree = "<group>"; };
		28E1A7DD1B2BF8ED00805AD8 /* FeaturedViewController.m */ = {isa = PBXFileReference; fileEncoding = 4; lastKnownFileType = sourcecode.c.objc; name = FeaturedViewController.m; path = Classes/ViewControllers/Featured/FeaturedViewController.m; sourceTree = "<group>"; };
		28E1A7DF1B2BF93100805AD8 /* ProfileViewController.h */ = {isa = PBXFileReference; fileEncoding = 4; lastKnownFileType = sourcecode.c.h; name = ProfileViewController.h; path = Classes/ViewControllers/Profile/ProfileViewController.h; sourceTree = "<group>"; };
		28E1A7E01B2BF93100805AD8 /* ProfileViewController.m */ = {isa = PBXFileReference; fileEncoding = 4; lastKnownFileType = sourcecode.c.objc; name = ProfileViewController.m; path = Classes/ViewControllers/Profile/ProfileViewController.m; sourceTree = "<group>"; };
		28E1A7E21B2BF96500805AD8 /* RequestTradeViewController.h */ = {isa = PBXFileReference; fileEncoding = 4; lastKnownFileType = sourcecode.c.h; name = RequestTradeViewController.h; path = Classes/ViewControllers/RequestTrade/RequestTradeViewController.h; sourceTree = "<group>"; };
		28E1A7E31B2BF96500805AD8 /* RequestTradeViewController.m */ = {isa = PBXFileReference; fileEncoding = 4; lastKnownFileType = sourcecode.c.objc; name = RequestTradeViewController.m; path = Classes/ViewControllers/RequestTrade/RequestTradeViewController.m; sourceTree = "<group>"; };
		28E1A7E51B2BF99500805AD8 /* ListingViewController.h */ = {isa = PBXFileReference; fileEncoding = 4; lastKnownFileType = sourcecode.c.h; name = ListingViewController.h; path = Classes/ViewControllers/Listing/ListingViewController.h; sourceTree = "<group>"; };
		28E1A7E61B2BF99500805AD8 /* ListingViewController.m */ = {isa = PBXFileReference; fileEncoding = 4; lastKnownFileType = sourcecode.c.objc; name = ListingViewController.m; path = Classes/ViewControllers/Listing/ListingViewController.m; sourceTree = "<group>"; };
		28E1A7E81B2BFA7E00805AD8 /* CategoryListingViewController.h */ = {isa = PBXFileReference; fileEncoding = 4; lastKnownFileType = sourcecode.c.h; name = CategoryListingViewController.h; path = Classes/ViewControllers/Listing/CategoryListingViewController.h; sourceTree = "<group>"; };
		28E1A7E91B2BFA7E00805AD8 /* CategoryListingViewController.m */ = {isa = PBXFileReference; fileEncoding = 4; lastKnownFileType = sourcecode.c.objc; name = CategoryListingViewController.m; path = Classes/ViewControllers/Listing/CategoryListingViewController.m; sourceTree = "<group>"; };
		28E1A7EB1B2C0CE000805AD8 /* dividing_line_horizontal_dark.png */ = {isa = PBXFileReference; lastKnownFileType = image.png; name = dividing_line_horizontal_dark.png; path = Images/ExampleIcons/dividing_line_horizontal_dark.png; sourceTree = "<group>"; };
		28E1A7EC1B2C0CE000805AD8 /* dividing_line_horizontal_dark@2x.png */ = {isa = PBXFileReference; lastKnownFileType = image.png; name = "dividing_line_horizontal_dark@2x.png"; path = "Images/ExampleIcons/dividing_line_horizontal_dark@2x.png"; sourceTree = "<group>"; };
		28E1A7EF1B2C0FB200805AD8 /* ItemDetailViewController.h */ = {isa = PBXFileReference; fileEncoding = 4; lastKnownFileType = sourcecode.c.h; name = ItemDetailViewController.h; path = Classes/ViewControllers/Listing/ItemDetailViewController.h; sourceTree = "<group>"; };
		28E1A7F01B2C0FB200805AD8 /* ItemDetailViewController.m */ = {isa = PBXFileReference; fileEncoding = 4; lastKnownFileType = sourcecode.c.objc; name = ItemDetailViewController.m; path = Classes/ViewControllers/Listing/ItemDetailViewController.m; sourceTree = "<group>"; };
		28E1A7F21B2C12E800805AD8 /* anonymous_dark.png */ = {isa = PBXFileReference; lastKnownFileType = image.png; name = anonymous_dark.png; path = Images/ExampleIcons/anonymous_dark.png; sourceTree = "<group>"; };
		28E1A7F31B2C12E800805AD8 /* anonymous_dark@2x.png */ = {isa = PBXFileReference; lastKnownFileType = image.png; name = "anonymous_dark@2x.png"; path = "Images/ExampleIcons/anonymous_dark@2x.png"; sourceTree = "<group>"; };
		28E1A7F71B2C275E00805AD8 /* NearbyMeViewController.h */ = {isa = PBXFileReference; fileEncoding = 4; lastKnownFileType = sourcecode.c.h; name = NearbyMeViewController.h; path = Classes/ViewControllers/NearbyMe/NearbyMeViewController.h; sourceTree = "<group>"; };
		28E1A7F81B2C275E00805AD8 /* NearbyMeViewController.m */ = {isa = PBXFileReference; fileEncoding = 4; lastKnownFileType = sourcecode.c.objc; name = NearbyMeViewController.m; path = Classes/ViewControllers/NearbyMe/NearbyMeViewController.m; sourceTree = "<group>"; };
		28E1A7FA1B2C27FC00805AD8 /* MapKit.framework */ = {isa = PBXFileReference; lastKnownFileType = wrapper.framework; name = MapKit.framework; path = System/Library/Frameworks/MapKit.framework; sourceTree = SDKROOT; };
		28E1A7FC1B2C29F300805AD8 /* CoreLocation.framework */ = {isa = PBXFileReference; lastKnownFileType = wrapper.framework; name = CoreLocation.framework; path = System/Library/Frameworks/CoreLocation.framework; sourceTree = SDKROOT; };
/* End PBXFileReference section */

/* Begin PBXFrameworksBuildPhase section */
		28E1A7411B2BCB9F00805AD8 /* Frameworks */ = {
			isa = PBXFrameworksBuildPhase;
			buildActionMask = 2147483647;
			files = (
				28E1A7FD1B2C29F300805AD8 /* CoreLocation.framework in Frameworks */,
				28E1A7FB1B2C27FC00805AD8 /* MapKit.framework in Frameworks */,
				28E1A7B51B2BF72700805AD8 /* WindowsAzureMobileServices.framework in Frameworks */,
			);
			runOnlyForDeploymentPostprocessing = 0;
		};
		28E1A75A1B2BCB9F00805AD8 /* Frameworks */ = {
			isa = PBXFrameworksBuildPhase;
			buildActionMask = 2147483647;
			files = (
			);
			runOnlyForDeploymentPostprocessing = 0;
		};
/* End PBXFrameworksBuildPhase section */

/* Begin PBXGroup section */
		288137061B2C570700870331 /* appIcon */ = {
			isa = PBXGroup;
			children = (
				288137071B2C571500870331 /* BarterflyAppIcon29.png */,
				288137081B2C571500870331 /* BarterflyAppIcon29@2x.png */,
				288137091B2C571500870331 /* BarterflyAppIcon29@3x.png */,
				2881370A1B2C571500870331 /* BarterflyAppIcon40.png */,
				2881370B1B2C571500870331 /* BarterflyAppIcon40@2x.png */,
				2881370C1B2C571500870331 /* BarterflyAppIcon40@3x.png */,
				2881370D1B2C571500870331 /* BarterflyAppIcon60.png */,
				2881370E1B2C571500870331 /* BarterflyAppIcon60@3x.png */,
				2881370F1B2C571500870331 /* BarterflyAppIcon76.png */,
				288137101B2C571500870331 /* BarterflyAppIcon76@2x.png */,
			);
			name = appIcon;
			sourceTree = "<group>";
		};
		2881371B1B2C674F00870331 /* tabBarIcon */ = {
			isa = PBXGroup;
			children = (
				2881371C1B2C675B00870331 /* ListingTabIcon.png */,
				2881371D1B2C675B00870331 /* ListingTabIcon@2x.png */,
				2881371E1B2C675B00870331 /* ListingTabIcon@3x.png */,
				288137281B2CCCE700870331 /* Nearby.png */,
				288137291B2CCCE700870331 /* Nearby@2x.png */,
				2881372A1B2CCCE700870331 /* Nearby@3x.png */,
				2881372B1B2CCCE700870331 /* Profile.png */,
				2881372C1B2CCCE700870331 /* Profile@2x.png */,
				2881372D1B2CCCE700870331 /* Profile@3x.png */,
			);
			name = tabBarIcon;
			sourceTree = "<group>";
		};
		288137381B2CDD8200870331 /* TabbarController */ = {
			isa = PBXGroup;
			children = (
				288137391B2CDDBD00870331 /* dashboardTabBarViewController.h */,
				2881373A1B2CDDBD00870331 /* dashboardTabBarViewController.m */,
			);
			name = TabbarController;
			sourceTree = "<group>";
		};
		28E1A73B1B2BCB9F00805AD8 = {
			isa = PBXGroup;
			children = (
				28E1A7461B2BCB9F00805AD8 /* Barterfly */,
				28E1A7601B2BCB9F00805AD8 /* BarterflyTests */,
				28E1A7451B2BCB9F00805AD8 /* Products */,
			);
			sourceTree = "<group>";
		};
		28E1A7451B2BCB9F00805AD8 /* Products */ = {
			isa = PBXGroup;
			children = (
				28E1A7441B2BCB9F00805AD8 /* Barterfly.app */,
				28E1A75D1B2BCB9F00805AD8 /* BarterflyTests.xctest */,
			);
			name = Products;
			sourceTree = "<group>";
		};
		28E1A7461B2BCB9F00805AD8 /* Barterfly */ = {
			isa = PBXGroup;
			children = (
				28E1A74B1B2BCB9F00805AD8 /* AppDelegate.h */,
				28E1A74C1B2BCB9F00805AD8 /* AppDelegate.m */,
				28E1A74E1B2BCB9F00805AD8 /* ViewController.h */,
				28E1A74F1B2BCB9F00805AD8 /* ViewController.m */,
				28E1A7511B2BCB9F00805AD8 /* Main.storyboard */,
				28E1A7AC1B2BF6AC00805AD8 /* Classes */,
				28E1A7541B2BCB9F00805AD8 /* Images.xcassets */,
				28E1A7561B2BCB9F00805AD8 /* LaunchScreen.xib */,
				28E1A7471B2BCB9F00805AD8 /* Supporting Files */,
			);
			path = Barterfly;
			sourceTree = "<group>";
		};
		28E1A7471B2BCB9F00805AD8 /* Supporting Files */ = {
			isa = PBXGroup;
			children = (
				28E1A7AE1B2BF6C100805AD8 /* Image */,
				28E1A7AD1B2BF6B600805AD8 /* ExternalFramework */,
				28E1A7481B2BCB9F00805AD8 /* Info.plist */,
				28E1A7491B2BCB9F00805AD8 /* main.m */,
			);
			name = "Supporting Files";
			sourceTree = "<group>";
		};
		28E1A7601B2BCB9F00805AD8 /* BarterflyTests */ = {
			isa = PBXGroup;
			children = (
				28E1A7631B2BCB9F00805AD8 /* BarterflyTests.m */,
				28E1A7611B2BCB9F00805AD8 /* Supporting Files */,
			);
			path = BarterflyTests;
			sourceTree = "<group>";
		};
		28E1A7611B2BCB9F00805AD8 /* Supporting Files */ = {
			isa = PBXGroup;
			children = (
				28E1A7621B2BCB9F00805AD8 /* Info.plist */,
			);
			name = "Supporting Files";
			sourceTree = "<group>";
		};
		28E1A7AC1B2BF6AC00805AD8 /* Classes */ = {
			isa = PBXGroup;
			children = (
				28E1A7B01B2BF6D300805AD8 /* ViewController */,
				28E1A7AF1B2BF6CD00805AD8 /* Common */,
			);
			name = Classes;
			sourceTree = "<group>";
		};
		28E1A7AD1B2BF6B600805AD8 /* ExternalFramework */ = {
			isa = PBXGroup;
			children = (
				28E1A7FC1B2C29F300805AD8 /* CoreLocation.framework */,
				28E1A7FA1B2C27FC00805AD8 /* MapKit.framework */,
				28E1A7B41B2BF72700805AD8 /* WindowsAzureMobileServices.framework */,
				28E1A7B31B2BF71A00805AD8 /* SSKeychain */,
			);
			name = ExternalFramework;
			sourceTree = "<group>";
		};
		28E1A7AE1B2BF6C100805AD8 /* Image */ = {
			isa = PBXGroup;
			children = (
				2881371B1B2C674F00870331 /* tabBarIcon */,
				288137061B2C570700870331 /* appIcon */,
				28E1A7BE1B2BF74400805AD8 /* ExampleIcons */,
				28E1A7BC1B2BF74000805AD8 /* facebookLogin.png */,
			);
			name = Image;
			sourceTree = "<group>";
		};
		28E1A7AF1B2BF6CD00805AD8 /* Common */ = {
			isa = PBXGroup;
			children = (
				28E1A7B21B2BF6F400805AD8 /* Utils */,
				28E1A7B11B2BF6E400805AD8 /* AzureMobileService */,
			);
			name = Common;
			sourceTree = "<group>";
		};
		28E1A7B01B2BF6D300805AD8 /* ViewController */ = {
			isa = PBXGroup;
			children = (
				288137381B2CDD8200870331 /* TabbarController */,
				28E1A7F61B2C274400805AD8 /* NearbyMe */,
				28E1A7D81B2BF81C00805AD8 /* RequestTrade */,
				28E1A7D71B2BF81600805AD8 /* Profile */,
				28E1A7D61B2BF80F00805AD8 /* Listing */,
				28E1A7D51B2BF80400805AD8 /* Featured */,
				28E1A7D41B2BF80000805AD8 /* Login */,
			);
			name = ViewController;
			sourceTree = "<group>";
		};
		28E1A7B11B2BF6E400805AD8 /* AzureMobileService */ = {
			isa = PBXGroup;
			children = (
				28E1A7CE1B2BF7AA00805AD8 /* azureMobileService.h */,
				28E1A7CF1B2BF7AA00805AD8 /* azureMobileService.m */,
				28E1A7D11B2BF7DF00805AD8 /* azureAuthentication.h */,
				28E1A7D21B2BF7DF00805AD8 /* azureAuthentication.m */,
			);
			name = AzureMobileService;
			sourceTree = "<group>";
		};
		28E1A7B21B2BF6F400805AD8 /* Utils */ = {
			isa = PBXGroup;
			children = (
				28E1A7C71B2BF76800805AD8 /* AICommonUtils.h */,
				28E1A7C81B2BF76800805AD8 /* AICommonUtils.m */,
				28E1A7C91B2BF76800805AD8 /* AIEnumCollection.h */,
				28E1A7CA1B2BF76800805AD8 /* GBConnectionManager.h */,
				28E1A7CB1B2BF76800805AD8 /* GBConnectionManager.m */,
				288137221B2C6F2300870331 /* LoadingScreen.h */,
				288137231B2C6F2300870331 /* LoadingScreen.m */,
				288137251B2C9BE100870331 /* EmptyViewWithPullDownGesture.h */,
				288137261B2C9BE100870331 /* EmptyViewWithPullDownGesture.m */,
			);
			name = Utils;
			sourceTree = "<group>";
		};
		28E1A7B31B2BF71A00805AD8 /* SSKeychain */ = {
			isa = PBXGroup;
			children = (
				28E1A7B61B2BF72F00805AD8 /* SSKeychain.h */,
				28E1A7B71B2BF72F00805AD8 /* SSKeychain.m */,
				28E1A7B81B2BF72F00805AD8 /* SSKeychainQuery.h */,
				28E1A7B91B2BF72F00805AD8 /* SSKeychainQuery.m */,
			);
			name = SSKeychain;
			sourceTree = "<group>";
		};
		28E1A7BE1B2BF74400805AD8 /* ExampleIcons */ = {
			isa = PBXGroup;
			children = (
				288137341B2CD2FA00870331 /* big_map_pin.png */,
				288137351B2CD2FA00870331 /* big_map_pin@2x.png */,
				288137021B2C4CF600870331 /* map_pin.png */,
				288137031B2C4CF600870331 /* map_pin@2x.png */,
				28E1A7F21B2C12E800805AD8 /* anonymous_dark.png */,
				28E1A7F31B2C12E800805AD8 /* anonymous_dark@2x.png */,
				28E1A7EB1B2C0CE000805AD8 /* dividing_line_horizontal_dark.png */,
				28E1A7EC1B2C0CE000805AD8 /* dividing_line_horizontal_dark@2x.png */,
				28E1A7BF1B2BF75000805AD8 /* barterCyan.png */,
				28E1A7C01B2BF75000805AD8 /* barterCyan@2x.png */,
				28E1A7C11B2BF75000805AD8 /* barterCyan@3x.png */,
				28E1A7C21B2BF75000805AD8 /* barterWide.png */,
			);
			name = ExampleIcons;
			sourceTree = "<group>";
		};
		28E1A7D41B2BF80000805AD8 /* Login */ = {
			isa = PBXGroup;
			children = (
				28E1A7D91B2BF8AE00805AD8 /* LoginViewController.h */,
				28E1A7DA1B2BF8AE00805AD8 /* LoginViewController.m */,
			);
			name = Login;
			sourceTree = "<group>";
		};
		28E1A7D51B2BF80400805AD8 /* Featured */ = {
			isa = PBXGroup;
			children = (
				28E1A7DC1B2BF8ED00805AD8 /* FeaturedViewController.h */,
				28E1A7DD1B2BF8ED00805AD8 /* FeaturedViewController.m */,
			);
			name = Featured;
			sourceTree = "<group>";
		};
		28E1A7D61B2BF80F00805AD8 /* Listing */ = {
			isa = PBXGroup;
			children = (
				28E1A7E51B2BF99500805AD8 /* ListingViewController.h */,
				28E1A7E61B2BF99500805AD8 /* ListingViewController.m */,
				28E1A7E81B2BFA7E00805AD8 /* CategoryListingViewController.h */,
				28E1A7E91B2BFA7E00805AD8 /* CategoryListingViewController.m */,
				28E1A7EF1B2C0FB200805AD8 /* ItemDetailViewController.h */,
				28E1A7F01B2C0FB200805AD8 /* ItemDetailViewController.m */,
			);
			name = Listing;
			sourceTree = "<group>";
		};
		28E1A7D71B2BF81600805AD8 /* Profile */ = {
			isa = PBXGroup;
			children = (
				28E1A7DF1B2BF93100805AD8 /* ProfileViewController.h */,
				28E1A7E01B2BF93100805AD8 /* ProfileViewController.m */,
			);
			name = Profile;
			sourceTree = "<group>";
		};
		28E1A7D81B2BF81C00805AD8 /* RequestTrade */ = {
			isa = PBXGroup;
			children = (
				28E1A7E21B2BF96500805AD8 /* RequestTradeViewController.h */,
				28E1A7E31B2BF96500805AD8 /* RequestTradeViewController.m */,
			);
			name = RequestTrade;
			sourceTree = "<group>";
		};
		28E1A7F61B2C274400805AD8 /* NearbyMe */ = {
			isa = PBXGroup;
			children = (
				28E1A7F71B2C275E00805AD8 /* NearbyMeViewController.h */,
				28E1A7F81B2C275E00805AD8 /* NearbyMeViewController.m */,
			);
			name = NearbyMe;
			sourceTree = "<group>";
		};
/* End PBXGroup section */

/* Begin PBXNativeTarget section */
		28E1A7431B2BCB9F00805AD8 /* Barterfly */ = {
			isa = PBXNativeTarget;
			buildConfigurationList = 28E1A7671B2BCB9F00805AD8 /* Build configuration list for PBXNativeTarget "Barterfly" */;
			buildPhases = (
				28E1A7401B2BCB9F00805AD8 /* Sources */,
				28E1A7411B2BCB9F00805AD8 /* Frameworks */,
				28E1A7421B2BCB9F00805AD8 /* Resources */,
			);
			buildRules = (
			);
			dependencies = (
			);
			name = Barterfly;
			productName = Barterfly;
			productReference = 28E1A7441B2BCB9F00805AD8 /* Barterfly.app */;
			productType = "com.apple.product-type.application";
		};
		28E1A75C1B2BCB9F00805AD8 /* BarterflyTests */ = {
			isa = PBXNativeTarget;
			buildConfigurationList = 28E1A76A1B2BCB9F00805AD8 /* Build configuration list for PBXNativeTarget "BarterflyTests" */;
			buildPhases = (
				28E1A7591B2BCB9F00805AD8 /* Sources */,
				28E1A75A1B2BCB9F00805AD8 /* Frameworks */,
				28E1A75B1B2BCB9F00805AD8 /* Resources */,
			);
			buildRules = (
			);
			dependencies = (
				28E1A75F1B2BCB9F00805AD8 /* PBXTargetDependency */,
			);
			name = BarterflyTests;
			productName = BarterflyTests;
			productReference = 28E1A75D1B2BCB9F00805AD8 /* BarterflyTests.xctest */;
			productType = "com.apple.product-type.bundle.unit-test";
		};
/* End PBXNativeTarget section */

/* Begin PBXProject section */
		28E1A73C1B2BCB9F00805AD8 /* Project object */ = {
			isa = PBXProject;
			attributes = {
				LastUpgradeCheck = 0630;
				ORGANIZATIONNAME = angelhack;
				TargetAttributes = {
					28E1A7431B2BCB9F00805AD8 = {
						CreatedOnToolsVersion = 6.3.2;
						DevelopmentTeam = 9RLDP4WJTW;
					};
					28E1A75C1B2BCB9F00805AD8 = {
						CreatedOnToolsVersion = 6.3.2;
						TestTargetID = 28E1A7431B2BCB9F00805AD8;
					};
				};
			};
			buildConfigurationList = 28E1A73F1B2BCB9F00805AD8 /* Build configuration list for PBXProject "Barterfly" */;
			compatibilityVersion = "Xcode 3.2";
			developmentRegion = English;
			hasScannedForEncodings = 0;
			knownRegions = (
				en,
				Base,
			);
			mainGroup = 28E1A73B1B2BCB9F00805AD8;
			productRefGroup = 28E1A7451B2BCB9F00805AD8 /* Products */;
			projectDirPath = "";
			projectRoot = "";
			targets = (
				28E1A7431B2BCB9F00805AD8 /* Barterfly */,
				28E1A75C1B2BCB9F00805AD8 /* BarterflyTests */,
			);
		};
/* End PBXProject section */

/* Begin PBXResourcesBuildPhase section */
		28E1A7421B2BCB9F00805AD8 /* Resources */ = {
			isa = PBXResourcesBuildPhase;
			buildActionMask = 2147483647;
			files = (
				288137181B2C571500870331 /* BarterflyAppIcon60@3x.png in Resources */,
				288137361B2CD2FA00870331 /* big_map_pin.png in Resources */,
				288137141B2C571500870331 /* BarterflyAppIcon40.png in Resources */,
				2881372E1B2CCCE700870331 /* Nearby.png in Resources */,
				28E1A7F51B2C12E800805AD8 /* anonymous_dark@2x.png in Resources */,
				28E1A7C51B2BF75000805AD8 /* barterCyan@3x.png in Resources */,
				28E1A7C31B2BF75000805AD8 /* barterCyan.png in Resources */,
				28E1A7EE1B2C0CE000805AD8 /* dividing_line_horizontal_dark@2x.png in Resources */,
				288137201B2C675B00870331 /* ListingTabIcon@2x.png in Resources */,
				288137191B2C571500870331 /* BarterflyAppIcon76.png in Resources */,
				28E1A7ED1B2C0CE000805AD8 /* dividing_line_horizontal_dark.png in Resources */,
				288137041B2C4CF600870331 /* map_pin.png in Resources */,
				288137121B2C571500870331 /* BarterflyAppIcon29@2x.png in Resources */,
				288137301B2CCCE700870331 /* Nearby@3x.png in Resources */,
				288137161B2C571500870331 /* BarterflyAppIcon40@3x.png in Resources */,
				2881372F1B2CCCE700870331 /* Nearby@2x.png in Resources */,
				28E1A7F41B2C12E800805AD8 /* anonymous_dark.png in Resources */,
				28E1A7C61B2BF75000805AD8 /* barterWide.png in Resources */,
				28E1A7531B2BCB9F00805AD8 /* Main.storyboard in Resources */,
				28E1A7581B2BCB9F00805AD8 /* LaunchScreen.xib in Resources */,
				288137111B2C571500870331 /* BarterflyAppIcon29.png in Resources */,
				2881371A1B2C571500870331 /* BarterflyAppIcon76@2x.png in Resources */,
				288137151B2C571500870331 /* BarterflyAppIcon40@2x.png in Resources */,
				2881371F1B2C675B00870331 /* ListingTabIcon.png in Resources */,
				28E1A7C41B2BF75000805AD8 /* barterCyan@2x.png in Resources */,
				288137311B2CCCE700870331 /* Profile.png in Resources */,
				288137211B2C675B00870331 /* ListingTabIcon@3x.png in Resources */,
				288137171B2C571500870331 /* BarterflyAppIcon60.png in Resources */,
				288137051B2C4CF600870331 /* map_pin@2x.png in Resources */,
				288137321B2CCCE700870331 /* Profile@2x.png in Resources */,
				288137371B2CD2FA00870331 /* big_map_pin@2x.png in Resources */,
				28E1A7551B2BCB9F00805AD8 /* Images.xcassets in Resources */,
				288137131B2C571500870331 /* BarterflyAppIcon29@3x.png in Resources */,
				288137331B2CCCE700870331 /* Profile@3x.png in Resources */,
				28E1A7BD1B2BF74000805AD8 /* facebookLogin.png in Resources */,
			);
			runOnlyForDeploymentPostprocessing = 0;
		};
		28E1A75B1B2BCB9F00805AD8 /* Resources */ = {
			isa = PBXResourcesBuildPhase;
			buildActionMask = 2147483647;
			files = (
			);
			runOnlyForDeploymentPostprocessing = 0;
		};
/* End PBXResourcesBuildPhase section */

/* Begin PBXSourcesBuildPhase section */
		28E1A7401B2BCB9F00805AD8 /* Sources */ = {
			isa = PBXSourcesBuildPhase;
			buildActionMask = 2147483647;
			files = (
				28E1A7501B2BCB9F00805AD8 /* ViewController.m in Sources */,
				28E1A7BB1B2BF72F00805AD8 /* SSKeychainQuery.m in Sources */,
				28E1A7BA1B2BF72F00805AD8 /* SSKeychain.m in Sources */,
				28E1A7EA1B2BFA7E00805AD8 /* CategoryListingViewController.m in Sources */,
				288137241B2C6F2300870331 /* LoadingScreen.m in Sources */,
				28E1A74D1B2BCB9F00805AD8 /* AppDelegate.m in Sources */,
				28E1A7E41B2BF96500805AD8 /* RequestTradeViewController.m in Sources */,
				28E1A7F11B2C0FB200805AD8 /* ItemDetailViewController.m in Sources */,
				28E1A7DB1B2BF8AE00805AD8 /* LoginViewController.m in Sources */,
				2881373B1B2CDDBD00870331 /* dashboardTabBarViewController.m in Sources */,
				28E1A7CC1B2BF76800805AD8 /* AICommonUtils.m in Sources */,
				28E1A7E71B2BF99500805AD8 /* ListingViewController.m in Sources */,
				28E1A7D31B2BF7DF00805AD8 /* azureAuthentication.m in Sources */,
				28E1A7CD1B2BF76800805AD8 /* GBConnectionManager.m in Sources */,
				28E1A74A1B2BCB9F00805AD8 /* main.m in Sources */,
				28E1A7F91B2C275E00805AD8 /* NearbyMeViewController.m in Sources */,
				288137271B2C9BE100870331 /* EmptyViewWithPullDownGesture.m in Sources */,
				28E1A7D01B2BF7AA00805AD8 /* azureMobileService.m in Sources */,
				28E1A7E11B2BF93100805AD8 /* ProfileViewController.m in Sources */,
				28E1A7DE1B2BF8ED00805AD8 /* FeaturedViewController.m in Sources */,
			);
			runOnlyForDeploymentPostprocessing = 0;
		};
		28E1A7591B2BCB9F00805AD8 /* Sources */ = {
			isa = PBXSourcesBuildPhase;
			buildActionMask = 2147483647;
			files = (
				28E1A7641B2BCB9F00805AD8 /* BarterflyTests.m in Sources */,
			);
			runOnlyForDeploymentPostprocessing = 0;
		};
/* End PBXSourcesBuildPhase section */

/* Begin PBXTargetDependency section */
		28E1A75F1B2BCB9F00805AD8 /* PBXTargetDependency */ = {
			isa = PBXTargetDependency;
			target = 28E1A7431B2BCB9F00805AD8 /* Barterfly */;
			targetProxy = 28E1A75E1B2BCB9F00805AD8 /* PBXContainerItemProxy */;
		};
/* End PBXTargetDependency section */

/* Begin PBXVariantGroup section */
		28E1A7511B2BCB9F00805AD8 /* Main.storyboard */ = {
			isa = PBXVariantGroup;
			children = (
				28E1A7521B2BCB9F00805AD8 /* Base */,
			);
			name = Main.storyboard;
			sourceTree = "<group>";
		};
		28E1A7561B2BCB9F00805AD8 /* LaunchScreen.xib */ = {
			isa = PBXVariantGroup;
			children = (
				28E1A7571B2BCB9F00805AD8 /* Base */,
			);
			name = LaunchScreen.xib;
			sourceTree = "<group>";
		};
/* End PBXVariantGroup section */

/* Begin XCBuildConfiguration section */
		28E1A7651B2BCB9F00805AD8 /* Debug */ = {
			isa = XCBuildConfiguration;
			buildSettings = {
				ALWAYS_SEARCH_USER_PATHS = NO;
				CLANG_CXX_LANGUAGE_STANDARD = "gnu++0x";
				CLANG_CXX_LIBRARY = "libc++";
				CLANG_ENABLE_MODULES = YES;
				CLANG_ENABLE_OBJC_ARC = YES;
				CLANG_WARN_BOOL_CONVERSION = YES;
				CLANG_WARN_CONSTANT_CONVERSION = YES;
				CLANG_WARN_DIRECT_OBJC_ISA_USAGE = YES_ERROR;
				CLANG_WARN_EMPTY_BODY = YES;
				CLANG_WARN_ENUM_CONVERSION = YES;
				CLANG_WARN_INT_CONVERSION = YES;
				CLANG_WARN_OBJC_ROOT_CLASS = YES_ERROR;
				CLANG_WARN_UNREACHABLE_CODE = YES;
				CLANG_WARN__DUPLICATE_METHOD_MATCH = YES;
				"CODE_SIGN_IDENTITY[sdk=iphoneos*]" = "iPhone Developer";
				COPY_PHASE_STRIP = NO;
				DEBUG_INFORMATION_FORMAT = "dwarf-with-dsym";
				ENABLE_STRICT_OBJC_MSGSEND = YES;
				GCC_C_LANGUAGE_STANDARD = gnu99;
				GCC_DYNAMIC_NO_PIC = NO;
				GCC_NO_COMMON_BLOCKS = YES;
				GCC_OPTIMIZATION_LEVEL = 0;
				GCC_PREPROCESSOR_DEFINITIONS = (
					"DEBUG=1",
					"$(inherited)",
				);
				GCC_SYMBOLS_PRIVATE_EXTERN = NO;
				GCC_WARN_64_TO_32_BIT_CONVERSION = YES;
				GCC_WARN_ABOUT_RETURN_TYPE = YES_ERROR;
				GCC_WARN_UNDECLARED_SELECTOR = YES;
				GCC_WARN_UNINITIALIZED_AUTOS = YES_AGGRESSIVE;
				GCC_WARN_UNUSED_FUNCTION = YES;
				GCC_WARN_UNUSED_VARIABLE = YES;
				IPHONEOS_DEPLOYMENT_TARGET = 8.3;
				MTL_ENABLE_DEBUG_INFO = YES;
				ONLY_ACTIVE_ARCH = YES;
				SDKROOT = iphoneos;
				TARGETED_DEVICE_FAMILY = "1,2";
			};
			name = Debug;
		};
		28E1A7661B2BCB9F00805AD8 /* Release */ = {
			isa = XCBuildConfiguration;
			buildSettings = {
				ALWAYS_SEARCH_USER_PATHS = NO;
				CLANG_CXX_LANGUAGE_STANDARD = "gnu++0x";
				CLANG_CXX_LIBRARY = "libc++";
				CLANG_ENABLE_MODULES = YES;
				CLANG_ENABLE_OBJC_ARC = YES;
				CLANG_WARN_BOOL_CONVERSION = YES;
				CLANG_WARN_CONSTANT_CONVERSION = YES;
				CLANG_WARN_DIRECT_OBJC_ISA_USAGE = YES_ERROR;
				CLANG_WARN_EMPTY_BODY = YES;
				CLANG_WARN_ENUM_CONVERSION = YES;
				CLANG_WARN_INT_CONVERSION = YES;
				CLANG_WARN_OBJC_ROOT_CLASS = YES_ERROR;
				CLANG_WARN_UNREACHABLE_CODE = YES;
				CLANG_WARN__DUPLICATE_METHOD_MATCH = YES;
				"CODE_SIGN_IDENTITY[sdk=iphoneos*]" = "iPhone Developer";
				COPY_PHASE_STRIP = NO;
				DEBUG_INFORMATION_FORMAT = "dwarf-with-dsym";
				ENABLE_NS_ASSERTIONS = NO;
				ENABLE_STRICT_OBJC_MSGSEND = YES;
				GCC_C_LANGUAGE_STANDARD = gnu99;
				GCC_NO_COMMON_BLOCKS = YES;
				GCC_WARN_64_TO_32_BIT_CONVERSION = YES;
				GCC_WARN_ABOUT_RETURN_TYPE = YES_ERROR;
				GCC_WARN_UNDECLARED_SELECTOR = YES;
				GCC_WARN_UNINITIALIZED_AUTOS = YES_AGGRESSIVE;
				GCC_WARN_UNUSED_FUNCTION = YES;
				GCC_WARN_UNUSED_VARIABLE = YES;
				IPHONEOS_DEPLOYMENT_TARGET = 8.3;
				MTL_ENABLE_DEBUG_INFO = NO;
				SDKROOT = iphoneos;
				TARGETED_DEVICE_FAMILY = "1,2";
				VALIDATE_PRODUCT = YES;
			};
			name = Release;
		};
		28E1A7681B2BCB9F00805AD8 /* Debug */ = {
			isa = XCBuildConfiguration;
			buildSettings = {
				ASSETCATALOG_COMPILER_APPICON_NAME = AppIcon;
				CODE_SIGN_IDENTITY = "iPhone Developer";
				FRAMEWORK_SEARCH_PATHS = (
					"$(inherited)",
					"$(PROJECT_DIR)/Barterfly/ExternalFramework",
				);
				INFOPLIST_FILE = Barterfly/Info.plist;
				LD_RUNPATH_SEARCH_PATHS = "$(inherited) @executable_path/Frameworks";
				PRODUCT_NAME = "$(TARGET_NAME)";
			};
			name = Debug;
		};
		28E1A7691B2BCB9F00805AD8 /* Release */ = {
			isa = XCBuildConfiguration;
			buildSettings = {
				ASSETCATALOG_COMPILER_APPICON_NAME = AppIcon;
				CODE_SIGN_IDENTITY = "iPhone Developer";
				FRAMEWORK_SEARCH_PATHS = (
					"$(inherited)",
					"$(PROJECT_DIR)/Barterfly/ExternalFramework",
				);
				INFOPLIST_FILE = Barterfly/Info.plist;
				LD_RUNPATH_SEARCH_PATHS = "$(inherited) @executable_path/Frameworks";
				PRODUCT_NAME = "$(TARGET_NAME)";
			};
			name = Release;
		};
		28E1A76B1B2BCB9F00805AD8 /* Debug */ = {
			isa = XCBuildConfiguration;
			buildSettings = {
				BUNDLE_LOADER = "$(TEST_HOST)";
				FRAMEWORK_SEARCH_PATHS = (
					"$(SDKROOT)/Developer/Library/Frameworks",
					"$(inherited)",
				);
				GCC_PREPROCESSOR_DEFINITIONS = (
					"DEBUG=1",
					"$(inherited)",
				);
				INFOPLIST_FILE = BarterflyTests/Info.plist;
				LD_RUNPATH_SEARCH_PATHS = "$(inherited) @executable_path/Frameworks @loader_path/Frameworks";
				PRODUCT_NAME = "$(TARGET_NAME)";
				TEST_HOST = "$(BUILT_PRODUCTS_DIR)/Barterfly.app/Barterfly";
			};
			name = Debug;
		};
		28E1A76C1B2BCB9F00805AD8 /* Release */ = {
			isa = XCBuildConfiguration;
			buildSettings = {
				BUNDLE_LOADER = "$(TEST_HOST)";
				FRAMEWORK_SEARCH_PATHS = (
					"$(SDKROOT)/Developer/Library/Frameworks",
					"$(inherited)",
				);
				INFOPLIST_FILE = BarterflyTests/Info.plist;
				LD_RUNPATH_SEARCH_PATHS = "$(inherited) @executable_path/Frameworks @loader_path/Frameworks";
				PRODUCT_NAME = "$(TARGET_NAME)";
				TEST_HOST = "$(BUILT_PRODUCTS_DIR)/Barterfly.app/Barterfly";
			};
			name = Release;
		};
/* End XCBuildConfiguration section */

/* Begin XCConfigurationList section */
		28E1A73F1B2BCB9F00805AD8 /* Build configuration list for PBXProject "Barterfly" */ = {
			isa = XCConfigurationList;
			buildConfigurations = (
				28E1A7651B2BCB9F00805AD8 /* Debug */,
				28E1A7661B2BCB9F00805AD8 /* Release */,
			);
			defaultConfigurationIsVisible = 0;
			defaultConfigurationName = Release;
		};
		28E1A7671B2BCB9F00805AD8 /* Build configuration list for PBXNativeTarget "Barterfly" */ = {
			isa = XCConfigurationList;
			buildConfigurations = (
				28E1A7681B2BCB9F00805AD8 /* Debug */,
				28E1A7691B2BCB9F00805AD8 /* Release */,
			);
			defaultConfigurationIsVisible = 0;
			defaultConfigurationName = Release;
		};
		28E1A76A1B2BCB9F00805AD8 /* Build configuration list for PBXNativeTarget "BarterflyTests" */ = {
			isa = XCConfigurationList;
			buildConfigurations = (
				28E1A76B1B2BCB9F00805AD8 /* Debug */,
				28E1A76C1B2BCB9F00805AD8 /* Release */,
			);
			defaultConfigurationIsVisible = 0;
			defaultConfigurationName = Release;
		};
/* End XCConfigurationList section */
	};
	rootObject = 28E1A73C1B2BCB9F00805AD8 /* Project object */;
}
